
Microsoft Visual Studio Solution File, Format Version 12.00
# Visual Studio Version 16
VisualStudioVersion = 16.0.30804.86
MinimumVisualStudioVersion = 10.0.40219.1
Project("{8BC9CEB8-8B4A-11D0-8D11-00A0C91BC942}") = "DeepBreath", "DeepBreath.vcxproj", "{56668371-96D3-3FC1-95ED-6638C6A9E574}"
EndProject
Global
	GlobalSection(SolutionConfigurationPlatforms) = preSolution
		Debug|x64 = Debug|x64
		Debug|x86 = Debug|x86
		Release|x64 = Release|x64
		Release|x86 = Release|x86
	EndGlobalSection
	GlobalSection(ProjectConfigurationPlatforms) = postSolution
		{56668371-96D3-3FC1-95ED-6638C6A9E574}.Debug|x64.ActiveCfg = Debug|x64
		{56668371-96D3-3FC1-95ED-6638C6A9E574}.Debug|x64.Build.0 = Debug|x64
		{56668371-96D3-3FC1-95ED-6638C6A9E574}.Debug|x86.ActiveCfg = Debug|x64
		{56668371-96D3-3FC1-95ED-6638C6A9E574}.Release|x64.ActiveCfg = Release|x64
		{56668371-96D3-3FC1-95ED-6638C6A9E574}.Release|x64.Build.0 = Release|x64
		{56668371-96D3-3FC1-95ED-6638C6A9E574}.Release|x86.ActiveCfg = Release|x64
	EndGlobalSection
	GlobalSection(SolutionProperties) = preSolution
		HideSolutionNode = FALSE
	EndGlobalSection
	GlobalSection(ExtensibilityGlobals) = postSolution
		SolutionGuid = {D50E41DD-EFC0-4A81-BA01-DB881C6B4F1A}
	EndGlobalSection
EndGlobal
